
Microsoft Visual Studio Solution File, Format Version 12.00
# Visual Studio Version 17
VisualStudioVersion = 17.0.31903.59
MinimumVisualStudioVersion = 10.0.40219.1
Project("{FAE04EC0-301F-11D3-BF4B-00C04F79EFBC}") = "ToyRobot.Domain", "src\ToyRobot.Domain\ToyRobot.Domain.csproj", "{D5A00122-21B8-440B-AD45-A78EA0DA1025}"
EndProject
Project("{FAE04EC0-301F-11D3-BF4B-00C04F79EFBC}") = "ToyRobot.Domain.Tests", "tests\ToyRobot.Domain.Tests\ToyRobot.Domain.Tests.csproj", "{925ED919-E632-4514-AFD7-4E14F0FA6E44}"
EndProject
Project("{FAE04EC0-301F-11D3-BF4B-00C04F79EFBC}") = "ToyRobot.Application", "src\ToyRobot.Application\ToyRobot.Application.csproj", "{9681A0D8-5FA7-4CC0-9024-0ADBA005D214}"
EndProject
Project("{FAE04EC0-301F-11D3-BF4B-00C04F79EFBC}") = "ToyRobot.Console", "src\ToyRobot.Console\ToyRobot.Console.csproj", "{CB994963-FC11-4A44-8DE3-1512AFECF84E}"
EndProject
Global
	GlobalSection(SolutionConfigurationPlatforms) = preSolution
		Debug|Any CPU = Debug|Any CPU
		Release|Any CPU = Release|Any CPU
	EndGlobalSection
	GlobalSection(SolutionProperties) = preSolution
		HideSolutionNode = FALSE
	EndGlobalSection
	GlobalSection(ProjectConfigurationPlatforms) = postSolution
		{D5A00122-21B8-440B-AD45-A78EA0DA1025}.Debug|Any CPU.ActiveCfg = Debug|Any CPU
		{D5A00122-21B8-440B-AD45-A78EA0DA1025}.Debug|Any CPU.Build.0 = Debug|Any CPU
		{D5A00122-21B8-440B-AD45-A78EA0DA1025}.Release|Any CPU.ActiveCfg = Release|Any CPU
		{D5A00122-21B8-440B-AD45-A78EA0DA1025}.Release|Any CPU.Build.0 = Release|Any CPU
		{925ED919-E632-4514-AFD7-4E14F0FA6E44}.Debug|Any CPU.ActiveCfg = Debug|Any CPU
		{925ED919-E632-4514-AFD7-4E14F0FA6E44}.Debug|Any CPU.Build.0 = Debug|Any CPU
		{925ED919-E632-4514-AFD7-4E14F0FA6E44}.Release|Any CPU.ActiveCfg = Release|Any CPU
		{925ED919-E632-4514-AFD7-4E14F0FA6E44}.Release|Any CPU.Build.0 = Release|Any CPU
		{9681A0D8-5FA7-4CC0-9024-0ADBA005D214}.Debug|Any CPU.ActiveCfg = Debug|Any CPU
		{9681A0D8-5FA7-4CC0-9024-0ADBA005D214}.Debug|Any CPU.Build.0 = Debug|Any CPU
		{9681A0D8-5FA7-4CC0-9024-0ADBA005D214}.Release|Any CPU.ActiveCfg = Release|Any CPU
		{9681A0D8-5FA7-4CC0-9024-0ADBA005D214}.Release|Any CPU.Build.0 = Release|Any CPU
		{CB994963-FC11-4A44-8DE3-1512AFECF84E}.Debug|Any CPU.ActiveCfg = Debug|Any CPU
		{CB994963-FC11-4A44-8DE3-1512AFECF84E}.Debug|Any CPU.Build.0 = Debug|Any CPU
		{CB994963-FC11-4A44-8DE3-1512AFECF84E}.Release|Any CPU.ActiveCfg = Release|Any CPU
		{CB994963-FC11-4A44-8DE3-1512AFECF84E}.Release|Any CPU.Build.0 = Release|Any CPU
	EndGlobalSection
EndGlobal
